// !$*UTF8*$!
{
	archiveVersion = 1;
	classes = {
	};
	objectVersion = 77;
	objects = {

/* Begin PBXContainerItemProxy section */
		6848C1F92CF5B115009C6071 /* PBXContainerItemProxy */ = {
			isa = PBXContainerItemProxy;
			containerPortal = 6848C1DE2CF5B114009C6071 /* Project object */;
			proxyType = 1;
			remoteGlobalIDString = 6848C1E52CF5B114009C6071;
			remoteInfo = Carry1st;
		};
		6848C2032CF5B115009C6071 /* PBXContainerItemProxy */ = {
			isa = PBXContainerItemProxy;
			containerPortal = 6848C1DE2CF5B114009C6071 /* Project object */;
			proxyType = 1;
			remoteGlobalIDString = 6848C1E52CF5B114009C6071;
			remoteInfo = Carry1st;
		};
/* End PBXContainerItemProxy section */

/* Begin PBXFileReference section */
		6848C1E62CF5B114009C6071 /* Carry1st.app */ = {isa = PBXFileReference; explicitFileType = wrapper.application; includeInIndex = 0; path = Carry1st.app; sourceTree = BUILT_PRODUCTS_DIR; };
		6848C1F82CF5B115009C6071 /* Carry1stTests.xctest */ = {isa = PBXFileReference; explicitFileType = wrapper.cfbundle; includeInIndex = 0; path = Carry1stTests.xctest; sourceTree = BUILT_PRODUCTS_DIR; };
		6848C2022CF5B115009C6071 /* Carry1stUITests.xctest */ = {isa = PBXFileReference; explicitFileType = wrapper.cfbundle; includeInIndex = 0; path = Carry1stUITests.xctest; sourceTree = BUILT_PRODUCTS_DIR; };
/* End PBXFileReference section */

/* Begin PBXFileSystemSynchronizedRootGroup section */
		6848C1E82CF5B114009C6071 /* Carry1st */ = {
			isa = PBXFileSystemSynchronizedRootGroup;
			path = Carry1st;
			sourceTree = "<group>";
		};
		6848C1FB2CF5B115009C6071 /* Carry1stTests */ = {
			isa = PBXFileSystemSynchronizedRootGroup;
			path = Carry1stTests;
			sourceTree = "<group>";
		};
		6848C2052CF5B115009C6071 /* Carry1stUITests */ = {
			isa = PBXFileSystemSynchronizedRootGroup;
			path = Carry1stUITests;
			sourceTree = "<group>";
		};
/* End PBXFileSystemSynchronizedRootGroup section */

/* Begin PBXFrameworksBuildPhase section */
		6848C1E32CF5B114009C6071 /* Frameworks */ = {
			isa = PBXFrameworksBuildPhase;
			buildActionMask = 2147483647;
			files = (
			);
			runOnlyForDeploymentPostprocessing = 0;
		};
		6848C1F52CF5B115009C6071 /* Frameworks */ = {
			isa = PBXFrameworksBuildPhase;
			buildActionMask = 2147483647;
			files = (
			);
			runOnlyForDeploymentPostprocessing = 0;
		};
		6848C1FF2CF5B115009C6071 /* Frameworks */ = {
			isa = PBXFrameworksBuildPhase;
			buildActionMask = 2147483647;
			files = (
			);
			runOnlyForDeploymentPostprocessing = 0;
		};
/* End PBXFrameworksBuildPhase section */

/* Begin PBXGroup section */
		6848C1DD2CF5B114009C6071 = {
			isa = PBXGroup;
			children = (
				6848C1E82CF5B114009C6071 /* Carry1st */,
				6848C1FB2CF5B115009C6071 /* Carry1stTests */,
				6848C2052CF5B115009C6071 /* Carry1stUITests */,
				6848C1E72CF5B114009C6071 /* Products */,
			);
			sourceTree = "<group>";
		};
		6848C1E72CF5B114009C6071 /* Products */ = {
			isa = PBXGroup;
			children = (
				6848C1E62CF5B114009C6071 /* Carry1st.app */,
				6848C1F82CF5B115009C6071 /* Carry1stTests.xctest */,
				6848C2022CF5B115009C6071 /* Carry1stUITests.xctest */,
			);
			name = Products;
			sourceTree = "<group>";
		};
/* End PBXGroup section */

/* Begin PBXNativeTarget section */
		6848C1E52CF5B114009C6071 /* Carry1st */ = {
			isa = PBXNativeTarget;
			buildConfigurationList = 6848C20C2CF5B115009C6071 /* Build configuration list for PBXNativeTarget "Carry1st" */;
			buildPhases = (
				6848C1E22CF5B114009C6071 /* Sources */,
				6848C1E32CF5B114009C6071 /* Frameworks */,
				6848C1E42CF5B114009C6071 /* Resources */,
			);
			buildRules = (
			);
			dependencies = (
			);
			fileSystemSynchronizedGroups = (
				6848C1E82CF5B114009C6071 /* Carry1st */,
			);
			name = Carry1st;
			packageProductDependencies = (
			);
			productName = Carry1st;
			productReference = 6848C1E62CF5B114009C6071 /* Carry1st.app */;
			productType = "com.apple.product-type.application";
		};
		6848C1F72CF5B115009C6071 /* Carry1stTests */ = {
			isa = PBXNativeTarget;
			buildConfigurationList = 6848C20F2CF5B115009C6071 /* Build configuration list for PBXNativeTarget "Carry1stTests" */;
			buildPhases = (
				6848C1F42CF5B115009C6071 /* Sources */,
				6848C1F52CF5B115009C6071 /* Frameworks */,
				6848C1F62CF5B115009C6071 /* Resources */,
			);
			buildRules = (
			);
			dependencies = (
				6848C1FA2CF5B115009C6071 /* PBXTargetDependency */,
			);
			fileSystemSynchronizedGroups = (
				6848C1FB2CF5B115009C6071 /* Carry1stTests */,
			);
			name = Carry1stTests;
			packageProductDependencies = (
			);
			productName = Carry1stTests;
			productReference = 6848C1F82CF5B115009C6071 /* Carry1stTests.xctest */;
			productType = "com.apple.product-type.bundle.unit-test";
		};
		6848C2012CF5B115009C6071 /* Carry1stUITests */ = {
			isa = PBXNativeTarget;
			buildConfigurationList = 6848C2122CF5B115009C6071 /* Build configuration list for PBXNativeTarget "Carry1stUITests" */;
			buildPhases = (
				6848C1FE2CF5B115009C6071 /* Sources */,
				6848C1FF2CF5B115009C6071 /* Frameworks */,
				6848C2002CF5B115009C6071 /* Resources */,
			);
			buildRules = (
			);
			dependencies = (
				6848C2042CF5B115009C6071 /* PBXTargetDependency */,
			);
			fileSystemSynchronizedGroups = (
				6848C2052CF5B115009C6071 /* Carry1stUITests */,
			);
			name = Carry1stUITests;
			packageProductDependencies = (
			);
			productName = Carry1stUITests;
			productReference = 6848C2022CF5B115009C6071 /* Carry1stUITests.xctest */;
			productType = "com.apple.product-type.bundle.ui-testing";
		};
/* End PBXNativeTarget section */

/* Begin PBXProject section */
		6848C1DE2CF5B114009C6071 /* Project object */ = {
			isa = PBXProject;
			attributes = {
				BuildIndependentTargetsInParallel = 1;
				LastSwiftUpdateCheck = 1600;
				LastUpgradeCheck = 1600;
				TargetAttributes = {
					6848C1E52CF5B114009C6071 = {
						CreatedOnToolsVersion = 16.0;
					};
					6848C1F72CF5B115009C6071 = {
						CreatedOnToolsVersion = 16.0;
						TestTargetID = 6848C1E52CF5B114009C6071;
					};
					6848C2012CF5B115009C6071 = {
						CreatedOnToolsVersion = 16.0;
						TestTargetID = 6848C1E52CF5B114009C6071;
					};
				};
			};
			buildConfigurationList = 6848C1E12CF5B114009C6071 /* Build configuration list for PBXProject "Carry1st" */;
			developmentRegion = en;
			hasScannedForEncodings = 0;
			knownRegions = (
				en,
				Base,
			);
			mainGroup = 6848C1DD2CF5B114009C6071;
			minimizedProjectReferenceProxies = 1;
			preferredProjectObjectVersion = 77;
			productRefGroup = 6848C1E72CF5B114009C6071 /* Products */;
			projectDirPath = "";
			projectRoot = "";
			targets = (
				6848C1E52CF5B114009C6071 /* Carry1st */,
				6848C1F72CF5B115009C6071 /* Carry1stTests */,
				6848C2012CF5B115009C6071 /* Carry1stUITests */,
			);
		};
/* End PBXProject section */

/* Begin PBXResourcesBuildPhase section */
		6848C1E42CF5B114009C6071 /* Resources */ = {
			isa = PBXResourcesBuildPhase;
			buildActionMask = 2147483647;
			files = (
			);
			runOnlyForDeploymentPostprocessing = 0;
		};
		6848C1F62CF5B115009C6071 /* Resources */ = {
			isa = PBXResourcesBuildPhase;
			buildActionMask = 2147483647;
			files = (
			);
			runOnlyForDeploymentPostprocessing = 0;
		};
		6848C2002CF5B115009C6071 /* Resources */ = {
			isa = PBXResourcesBuildPhase;
			buildActionMask = 2147483647;
			files = (
			);
			runOnlyForDeploymentPostprocessing = 0;
		};
/* End PBXResourcesBuildPhase section */

/* Begin PBXSourcesBuildPhase section */
		6848C1E22CF5B114009C6071 /* Sources */ = {
			isa = PBXSourcesBuildPhase;
			buildActionMask = 2147483647;
			files = (
			);
			runOnlyForDeploymentPostprocessing = 0;
		};
		6848C1F42CF5B115009C6071 /* Sources */ = {
			isa = PBXSourcesBuildPhase;
			buildActionMask = 2147483647;
			files = (
			);
			runOnlyForDeploymentPostprocessing = 0;
		};
		6848C1FE2CF5B115009C6071 /* Sources */ = {
			isa = PBXSourcesBuildPhase;
			buildActionMask = 2147483647;
			files = (
			);
			runOnlyForDeploymentPostprocessing = 0;
		};
/* End PBXSourcesBuildPhase section */

/* Begin PBXTargetDependency section */
		6848C1FA2CF5B115009C6071 /* PBXTargetDependency */ = {
			isa = PBXTargetDependency;
			target = 6848C1E52CF5B114009C6071 /* Carry1st */;
			targetProxy = 6848C1F92CF5B115009C6071 /* PBXContainerItemProxy */;
		};
		6848C2042CF5B115009C6071 /* PBXTargetDependency */ = {
			isa = PBXTargetDependency;
			target = 6848C1E52CF5B114009C6071 /* Carry1st */;
			targetProxy = 6848C2032CF5B115009C6071 /* PBXContainerItemProxy */;
		};
/* End PBXTargetDependency section */

/* Begin XCBuildConfiguration section */
		6848C20A2CF5B115009C6071 /* Debug */ = {
			isa = XCBuildConfiguration;
			buildSettings = {
				ALWAYS_SEARCH_USER_PATHS = NO;
				ASSETCATALOG_COMPILER_GENERATE_SWIFT_ASSET_SYMBOL_EXTENSIONS = YES;
				CLANG_ANALYZER_NONNULL = YES;
				CLANG_ANALYZER_NUMBER_OBJECT_CONVERSION = YES_AGGRESSIVE;
				CLANG_CXX_LANGUAGE_STANDARD = "gnu++20";
				CLANG_ENABLE_MODULES = YES;
				CLANG_ENABLE_OBJC_ARC = YES;
				CLANG_ENABLE_OBJC_WEAK = YES;
				CLANG_WARN_BLOCK_CAPTURE_AUTORELEASING = YES;
				CLANG_WARN_BOOL_CONVERSION = YES;
				CLANG_WARN_COMMA = YES;
				CLANG_WARN_CONSTANT_CONVERSION = YES;
				CLANG_WARN_DEPRECATED_OBJC_IMPLEMENTATIONS = YES;
				CLANG_WARN_DIRECT_OBJC_ISA_USAGE = YES_ERROR;
				CLANG_WARN_DOCUMENTATION_COMMENTS = YES;
				CLANG_WARN_EMPTY_BODY = YES;
				CLANG_WARN_ENUM_CONVERSION = YES;
				CLANG_WARN_INFINITE_RECURSION = YES;
				CLANG_WARN_INT_CONVERSION = YES;
				CLANG_WARN_NON_LITERAL_NULL_CONVERSION = YES;
				CLANG_WARN_OBJC_IMPLICIT_RETAIN_SELF = YES;
				CLANG_WARN_OBJC_LITERAL_CONVERSION = YES;
				CLANG_WARN_OBJC_ROOT_CLASS = YES_ERROR;
				CLANG_WARN_QUOTED_INCLUDE_IN_FRAMEWORK_HEADER = YES;
				CLANG_WARN_RANGE_LOOP_ANALYSIS = YES;
				CLANG_WARN_STRICT_PROTOTYPES = YES;
				CLANG_WARN_SUSPICIOUS_MOVE = YES;
				CLANG_WARN_UNGUARDED_AVAILABILITY = YES_AGGRESSIVE;
				CLANG_WARN_UNREACHABLE_CODE = YES;
				CLANG_WARN__DUPLICATE_METHOD_MATCH = YES;
				COPY_PHASE_STRIP = NO;
				DEBUG_INFORMATION_FORMAT = dwarf;
				ENABLE_STRICT_OBJC_MSGSEND = YES;
				ENABLE_TESTABILITY = YES;
				ENABLE_USER_SCRIPT_SANDBOXING = YES;
				GCC_C_LANGUAGE_STANDARD = gnu17;
				GCC_DYNAMIC_NO_PIC = NO;
				GCC_NO_COMMON_BLOCKS = YES;
				GCC_OPTIMIZATION_LEVEL = 0;
				GCC_PREPROCESSOR_DEFINITIONS = (
					"DEBUG=1",
					"$(inherited)",
				);
				GCC_WARN_64_TO_32_BIT_CONVERSION = YES;
				GCC_WARN_ABOUT_RETURN_TYPE = YES_ERROR;
				GCC_WARN_UNDECLARED_SELECTOR = YES;
				GCC_WARN_UNINITIALIZED_AUTOS = YES_AGGRESSIVE;
				GCC_WARN_UNUSED_FUNCTION = YES;
				GCC_WARN_UNUSED_VARIABLE = YES;
				IPHONEOS_DEPLOYMENT_TARGET = 18.0;
				LOCALIZATION_PREFERS_STRING_CATALOGS = YES;
				MTL_ENABLE_DEBUG_INFO = INCLUDE_SOURCE;
				MTL_FAST_MATH = YES;
				ONLY_ACTIVE_ARCH = YES;
				SDKROOT = iphoneos;
				SWIFT_ACTIVE_COMPILATION_CONDITIONS = "DEBUG $(inherited)";
				SWIFT_OPTIMIZATION_LEVEL = "-Onone";
			};
			name = Debug;
		};
		6848C20B2CF5B115009C6071 /* Release */ = {
			isa = XCBuildConfiguration;
			buildSettings = {
				ALWAYS_SEARCH_USER_PATHS = NO;
				ASSETCATALOG_COMPILER_GENERATE_SWIFT_ASSET_SYMBOL_EXTENSIONS = YES;
				CLANG_ANALYZER_NONNULL = YES;
				CLANG_ANALYZER_NUMBER_OBJECT_CONVERSION = YES_AGGRESSIVE;
				CLANG_CXX_LANGUAGE_STANDARD = "gnu++20";
				CLANG_ENABLE_MODULES = YES;
				CLANG_ENABLE_OBJC_ARC = YES;
				CLANG_ENABLE_OBJC_WEAK = YES;
				CLANG_WARN_BLOCK_CAPTURE_AUTORELEASING = YES;
				CLANG_WARN_BOOL_CONVERSION = YES;
				CLANG_WARN_COMMA = YES;
				CLANG_WARN_CONSTANT_CONVERSION = YES;
				CLANG_WARN_DEPRECATED_OBJC_IMPLEMENTATIONS = YES;
				CLANG_WARN_DIRECT_OBJC_ISA_USAGE = YES_ERROR;
				CLANG_WARN_DOCUMENTATION_COMMENTS = YES;
				CLANG_WARN_EMPTY_BODY = YES;
				CLANG_WARN_ENUM_CONVERSION = YES;
				CLANG_WARN_INFINITE_RECURSION = YES;
				CLANG_WARN_INT_CONVERSION = YES;
				CLANG_WARN_NON_LITERAL_NULL_CONVERSION = YES;
				CLANG_WARN_OBJC_IMPLICIT_RETAIN_SELF = YES;
				CLANG_WARN_OBJC_LITERAL_CONVERSION = YES;
				CLANG_WARN_OBJC_ROOT_CLASS = YES_ERROR;
				CLANG_WARN_QUOTED_INCLUDE_IN_FRAMEWORK_HEADER = YES;
				CLANG_WARN_RANGE_LOOP_ANALYSIS = YES;
				CLANG_WARN_STRICT_PROTOTYPES = YES;
				CLANG_WARN_SUSPICIOUS_MOVE = YES;
				CLANG_WARN_UNGUARDED_AVAILABILITY = YES_AGGRESSIVE;
				CLANG_WARN_UNREACHABLE_CODE = YES;
				CLANG_WARN__DUPLICATE_METHOD_MATCH = YES;
				COPY_PHASE_STRIP = NO;
				DEBUG_INFORMATION_FORMAT = "dwarf-with-dsym";
				ENABLE_NS_ASSERTIONS = NO;
				ENABLE_STRICT_OBJC_MSGSEND = YES;
				ENABLE_USER_SCRIPT_SANDBOXING = YES;
				GCC_C_LANGUAGE_STANDARD = gnu17;
				GCC_NO_COMMON_BLOCKS = YES;
				GCC_WARN_64_TO_32_BIT_CONVERSION = YES;
				GCC_WARN_ABOUT_RETURN_TYPE = YES_ERROR;
				GCC_WARN_UNDECLARED_SELECTOR = YES;
				GCC_WARN_UNINITIALIZED_AUTOS = YES_AGGRESSIVE;
				GCC_WARN_UNUSED_FUNCTION = YES;
				GCC_WARN_UNUSED_VARIABLE = YES;
				IPHONEOS_DEPLOYMENT_TARGET = 18.0;
				LOCALIZATION_PREFERS_STRING_CATALOGS = YES;
				MTL_ENABLE_DEBUG_INFO = NO;
				MTL_FAST_MATH = YES;
				SDKROOT = iphoneos;
				SWIFT_COMPILATION_MODE = wholemodule;
				VALIDATE_PRODUCT = YES;
			};
			name = Release;
		};
		6848C20D2CF5B115009C6071 /* Debug */ = {
			isa = XCBuildConfiguration;
			buildSettings = {
				ASSETCATALOG_COMPILER_APPICON_NAME = AppIcon;
				ASSETCATALOG_COMPILER_GLOBAL_ACCENT_COLOR_NAME = AccentColor;
				CODE_SIGN_STYLE = Automatic;
				CURRENT_PROJECT_VERSION = 1;
				DEVELOPMENT_ASSET_PATHS = "\"Carry1st/Preview Content\"";
				DEVELOPMENT_TEAM = 95FBKY5Y4V;
				ENABLE_PREVIEWS = YES;
				GENERATE_INFOPLIST_FILE = YES;
				INFOPLIST_KEY_UIApplicationSceneManifest_Generation = YES;
				INFOPLIST_KEY_UIApplicationSupportsIndirectInputEvents = YES;
				INFOPLIST_KEY_UILaunchScreen_Generation = YES;
				INFOPLIST_KEY_UISupportedInterfaceOrientations_iPad = "UIInterfaceOrientationPortrait UIInterfaceOrientationPortraitUpsideDown UIInterfaceOrientationLandscapeLeft UIInterfaceOrientationLandscapeRight";
				INFOPLIST_KEY_UISupportedInterfaceOrientations_iPhone = "UIInterfaceOrientationPortrait UIInterfaceOrientationLandscapeLeft UIInterfaceOrientationLandscapeRight";
				LD_RUNPATH_SEARCH_PATHS = (
					"$(inherited)",
					"@executable_path/Frameworks",
				);
				MARKETING_VERSION = 1.0;
				PRODUCT_BUNDLE_IDENTIFIER = Magicfinger.Carry1st;
				PRODUCT_NAME = "$(TARGET_NAME)";
				SWIFT_EMIT_LOC_STRINGS = YES;
				SWIFT_VERSION = 5.0;
				TARGETED_DEVICE_FAMILY = "1,2";
			};
			name = Debug;
		};
		6848C20E2CF5B115009C6071 /* Release */ = {
			isa = XCBuildConfiguration;
			buildSettings = {
				ASSETCATALOG_COMPILER_APPICON_NAME = AppIcon;
				ASSETCATALOG_COMPILER_GLOBAL_ACCENT_COLOR_NAME = AccentColor;
				CODE_SIGN_STYLE = Automatic;
				CURRENT_PROJECT_VERSION = 1;
				DEVELOPMENT_ASSET_PATHS = "\"Carry1st/Preview Content\"";
				DEVELOPMENT_TEAM = 95FBKY5Y4V;
				ENABLE_PREVIEWS = YES;
				GENERATE_INFOPLIST_FILE = YES;
				INFOPLIST_KEY_UIApplicationSceneManifest_Generation = YES;
				INFOPLIST_KEY_UIApplicationSupportsIndirectInputEvents = YES;
				INFOPLIST_KEY_UILaunchScreen_Generation = YES;
				INFOPLIST_KEY_UISupportedInterfaceOrientations_iPad = "UIInterfaceOrientationPortrait UIInterfaceOrientationPortraitUpsideDown UIInterfaceOrientationLandscapeLeft UIInterfaceOrientationLandscapeRight";
				INFOPLIST_KEY_UISupportedInterfaceOrientations_iPhone = "UIInterfaceOrientationPortrait UIInterfaceOrientationLandscapeLeft UIInterfaceOrientationLandscapeRight";
				LD_RUNPATH_SEARCH_PATHS = (
					"$(inherited)",
					"@executable_path/Frameworks",
				);
				MARKETING_VERSION = 1.0;
				PRODUCT_BUNDLE_IDENTIFIER = Magicfinger.Carry1st;
				PRODUCT_NAME = "$(TARGET_NAME)";
				SWIFT_EMIT_LOC_STRINGS = YES;
				SWIFT_VERSION = 5.0;
				TARGETED_DEVICE_FAMILY = "1,2";
			};
			name = Release;
		};
		6848C2102CF5B115009C6071 /* Debug */ = {
			isa = XCBuildConfiguration;
			buildSettings = {
				BUNDLE_LOADER = "$(TEST_HOST)";
				CODE_SIGN_STYLE = Automatic;
				CURRENT_PROJECT_VERSION = 1;
				DEVELOPMENT_TEAM = 95FBKY5Y4V;
				GENERATE_INFOPLIST_FILE = YES;
				IPHONEOS_DEPLOYMENT_TARGET = 18.0;
				MARKETING_VERSION = 1.0;
				PRODUCT_BUNDLE_IDENTIFIER = Magicfinger.Carry1stTests;
				PRODUCT_NAME = "$(TARGET_NAME)";
				SWIFT_EMIT_LOC_STRINGS = NO;
				SWIFT_VERSION = 5.0;
				TARGETED_DEVICE_FAMILY = "1,2";
				TEST_HOST = "$(BUILT_PRODUCTS_DIR)/Carry1st.app/$(BUNDLE_EXECUTABLE_FOLDER_PATH)/Carry1st";
			};
			name = Debug;
		};
		6848C2112CF5B115009C6071 /* Release */ = {
			isa = XCBuildConfiguration;
			buildSettings = {
				BUNDLE_LOADER = "$(TEST_HOST)";
				CODE_SIGN_STYLE = Automatic;
				CURRENT_PROJECT_VERSION = 1;
				DEVELOPMENT_TEAM = 95FBKY5Y4V;
				GENERATE_INFOPLIST_FILE = YES;
				IPHONEOS_DEPLOYMENT_TARGET = 18.0;
				MARKETING_VERSION = 1.0;
				PRODUCT_BUNDLE_IDENTIFIER = Magicfinger.Carry1stTests;
				PRODUCT_NAME = "$(TARGET_NAME)";
				SWIFT_EMIT_LOC_STRINGS = NO;
				SWIFT_VERSION = 5.0;
				TARGETED_DEVICE_FAMILY = "1,2";
				TEST_HOST = "$(BUILT_PRODUCTS_DIR)/Carry1st.app/$(BUNDLE_EXECUTABLE_FOLDER_PATH)/Carry1st";
			};
			name = Release;
		};
		6848C2132CF5B115009C6071 /* Debug */ = {
			isa = XCBuildConfiguration;
			buildSettings = {
				CODE_SIGN_STYLE = Automatic;
				CURRENT_PROJECT_VERSION = 1;
				DEVELOPMENT_TEAM = 95FBKY5Y4V;
				GENERATE_INFOPLIST_FILE = YES;
				MARKETING_VERSION = 1.0;
				PRODUCT_BUNDLE_IDENTIFIER = Magicfinger.Carry1stUITests;
				PRODUCT_NAME = "$(TARGET_NAME)";
				SWIFT_EMIT_LOC_STRINGS = NO;
				SWIFT_VERSION = 5.0;
				TARGETED_DEVICE_FAMILY = "1,2";
				TEST_TARGET_NAME = Carry1st;
			};
			name = Debug;
		};
		6848C2142CF5B115009C6071 /* Release */ = {
			isa = XCBuildConfiguration;
			buildSettings = {
				CODE_SIGN_STYLE = Automatic;
				CURRENT_PROJECT_VERSION = 1;
				DEVELOPMENT_TEAM = 95FBKY5Y4V;
				GENERATE_INFOPLIST_FILE = YES;
				MARKETING_VERSION = 1.0;
				PRODUCT_BUNDLE_IDENTIFIER = Magicfinger.Carry1stUITests;
				PRODUCT_NAME = "$(TARGET_NAME)";
				SWIFT_EMIT_LOC_STRINGS = NO;
				SWIFT_VERSION = 5.0;
				TARGETED_DEVICE_FAMILY = "1,2";
				TEST_TARGET_NAME = Carry1st;
			};
			name = Release;
		};
/* End XCBuildConfiguration section */

/* Begin XCConfigurationList section */
		6848C1E12CF5B114009C6071 /* Build configuration list for PBXProject "Carry1st" */ = {
			isa = XCConfigurationList;
			buildConfigurations = (
				6848C20A2CF5B115009C6071 /* Debug */,
				6848C20B2CF5B115009C6071 /* Release */,
			);
			defaultConfigurationIsVisible = 0;
			defaultConfigurationName = Release;
		};
		6848C20C2CF5B115009C6071 /* Build configuration list for PBXNativeTarget "Carry1st" */ = {
			isa = XCConfigurationList;
			buildConfigurations = (
				6848C20D2CF5B115009C6071 /* Debug */,
				6848C20E2CF5B115009C6071 /* Release */,
			);
			defaultConfigurationIsVisible = 0;
			defaultConfigurationName = Release;
		};
		6848C20F2CF5B115009C6071 /* Build configuration list for PBXNativeTarget "Carry1stTests" */ = {
			isa = XCConfigurationList;
			buildConfigurations = (
				6848C2102CF5B115009C6071 /* Debug */,
				6848C2112CF5B115009C6071 /* Release */,
			);
			defaultConfigurationIsVisible = 0;
			defaultConfigurationName = Release;
		};
		6848C2122CF5B115009C6071 /* Build configuration list for PBXNativeTarget "Carry1stUITests" */ = {
			isa = XCConfigurationList;
			buildConfigurations = (
				6848C2132CF5B115009C6071 /* Debug */,
				6848C2142CF5B115009C6071 /* Release */,
			);
			defaultConfigurationIsVisible = 0;
			defaultConfigurationName = Release;
		};
/* End XCConfigurationList section */
	};
	rootObject = 6848C1DE2CF5B114009C6071 /* Project object */;
}
